
Microsoft Visual Studio Solution File, Format Version 12.00
# Visual Studio 15
Project("{FAE04EC0-301F-11D3-BF4B-00C04F79EFBC}") = "ReferralCandyAPI", "ReferralCandyAPI\ReferralCandyAPI.csproj", "{F12D644B-96AC-4F9C-BC23-D8CEAF42D42A}"
EndProject
Project("{FAE04EC0-301F-11D3-BF4B-00C04F79EFBC}") = "ReferralCandy_Console_Example", "ReferralCandyAPI_CLI\ReferralCandy_Console_Example.csproj", "{8EB8E848-2D35-44B0-9074-FCE2900BE009}"
EndProject
Global
	GlobalSection(SolutionConfigurationPlatforms) = preSolution
		Debug|Any CPU = Debug|Any CPU
		Release|Any CPU = Release|Any CPU
	EndGlobalSection
	GlobalSection(ProjectConfigurationPlatforms) = postSolution
		{F12D644B-96AC-4F9C-BC23-D8CEAF42D42A}.Debug|Any CPU.ActiveCfg = Debug|Any CPU
		{F12D644B-96AC-4F9C-BC23-D8CEAF42D42A}.Debug|Any CPU.Build.0 = Debug|Any CPU
		{F12D644B-96AC-4F9C-BC23-D8CEAF42D42A}.Release|Any CPU.ActiveCfg = Release|Any CPU
		{F12D644B-96AC-4F9C-BC23-D8CEAF42D42A}.Release|Any CPU.Build.0 = Release|Any CPU
		{8EB8E848-2D35-44B0-9074-FCE2900BE009}.Debug|Any CPU.ActiveCfg = Debug|Any CPU
		{8EB8E848-2D35-44B0-9074-FCE2900BE009}.Debug|Any CPU.Build.0 = Debug|Any CPU
		{8EB8E848-2D35-44B0-9074-FCE2900BE009}.Release|Any CPU.ActiveCfg = Release|Any CPU
		{8EB8E848-2D35-44B0-9074-FCE2900BE009}.Release|Any CPU.Build.0 = Release|Any CPU
	EndGlobalSection
	GlobalSection(MonoDevelopProperties) = preSolution
		description = ReferralCandy's library for C# integration.
		version = 0.2
	EndGlobalSection
EndGlobal
